
Microsoft Visual Studio Solution File, Format Version 12.00
# Visual Studio 2012
Project("{FAE04EC0-301F-11D3-BF4B-00C04F79EFBC}") = "LambertToGps.ConsoleApp", "LambertToGps.ConsoleApp\LambertToGps.ConsoleApp.csproj", "{15EB580E-49CD-4788-9527-C63DEF245EF6}"
EndProject
Project("{FAE04EC0-301F-11D3-BF4B-00C04F79EFBC}") = "LambertToGps", "LambertToGps\LambertToGps.csproj", "{1250E0B3-C1A2-46BA-8CE3-1CEDBCE68D3B}"
EndProject
Project("{FAE04EC0-301F-11D3-BF4B-00C04F79EFBC}") = "LambertToGps.WP8", "LambertToGps.WP8\LambertToGps.WP8.csproj", "{60C4C16D-8ABA-43AB-9041-38437B3A41B8}"
EndProject
Project("{2150E333-8FDC-42A3-9474-1A3956D46DE8}") = "Lib", "Lib", "{34691887-5855-4999-8661-4F3A590B10A2}"
EndProject
Project("{2150E333-8FDC-42A3-9474-1A3956D46DE8}") = "Sample", "Sample", "{EEAA0ADA-0C3E-488C-8377-A09F224737BC}"
EndProject
Project("{FAE04EC0-301F-11D3-BF4B-00C04F79EFBC}") = "LambertToGps.WP8Sample", "LambertToGps.WP8Sample\LambertToGps.WP8Sample.csproj", "{D4AB1B9C-E154-4A84-ADAC-8D02CAE4F21D}"
EndProject
Project("{FAE04EC0-301F-11D3-BF4B-00C04F79EFBC}") = "LambertToGps.WP71", "LambertToGps.WP71\LambertToGps.WP71.csproj", "{C963AB95-53BB-4F65-B4E3-0EA084AB641A}"
EndProject
Project("{FAE04EC0-301F-11D3-BF4B-00C04F79EFBC}") = "LambertToGps.WinRT", "LambertToGps.WinRT\LambertToGps.WinRT.csproj", "{91B12212-172C-45D9-B5D3-AEFF3987A2B1}"
EndProject
Project("{FAE04EC0-301F-11D3-BF4B-00C04F79EFBC}") = "LambertToGps.WinRTSample", "LambertToGps.WinRTSample\LambertToGps.WinRTSample.csproj", "{BF38BAAB-30B0-44F0-AA18-21D2930B3632}"
EndProject
Global
	GlobalSection(SolutionConfigurationPlatforms) = preSolution
		Debug|Any CPU = Debug|Any CPU
		Debug|ARM = Debug|ARM
		Debug|x64 = Debug|x64
		Debug|x86 = Debug|x86
		Release|Any CPU = Release|Any CPU
		Release|ARM = Release|ARM
		Release|x64 = Release|x64
		Release|x86 = Release|x86
	EndGlobalSection
	GlobalSection(ProjectConfigurationPlatforms) = postSolution
		{15EB580E-49CD-4788-9527-C63DEF245EF6}.Debug|Any CPU.ActiveCfg = Debug|Any CPU
		{15EB580E-49CD-4788-9527-C63DEF245EF6}.Debug|Any CPU.Build.0 = Debug|Any CPU
		{15EB580E-49CD-4788-9527-C63DEF245EF6}.Debug|ARM.ActiveCfg = Debug|Any CPU
		{15EB580E-49CD-4788-9527-C63DEF245EF6}.Debug|x64.ActiveCfg = Debug|Any CPU
		{15EB580E-49CD-4788-9527-C63DEF245EF6}.Debug|x86.ActiveCfg = Debug|Any CPU
		{15EB580E-49CD-4788-9527-C63DEF245EF6}.Release|Any CPU.ActiveCfg = Release|Any CPU
		{15EB580E-49CD-4788-9527-C63DEF245EF6}.Release|Any CPU.Build.0 = Release|Any CPU
		{15EB580E-49CD-4788-9527-C63DEF245EF6}.Release|ARM.ActiveCfg = Release|Any CPU
		{15EB580E-49CD-4788-9527-C63DEF245EF6}.Release|x64.ActiveCfg = Release|Any CPU
		{15EB580E-49CD-4788-9527-C63DEF245EF6}.Release|x86.ActiveCfg = Release|Any CPU
		{1250E0B3-C1A2-46BA-8CE3-1CEDBCE68D3B}.Debug|Any CPU.ActiveCfg = Debug|Any CPU
		{1250E0B3-C1A2-46BA-8CE3-1CEDBCE68D3B}.Debug|Any CPU.Build.0 = Debug|Any CPU
		{1250E0B3-C1A2-46BA-8CE3-1CEDBCE68D3B}.Debug|ARM.ActiveCfg = Debug|Any CPU
		{1250E0B3-C1A2-46BA-8CE3-1CEDBCE68D3B}.Debug|x64.ActiveCfg = Debug|Any CPU
		{1250E0B3-C1A2-46BA-8CE3-1CEDBCE68D3B}.Debug|x86.ActiveCfg = Debug|Any CPU
		{1250E0B3-C1A2-46BA-8CE3-1CEDBCE68D3B}.Release|Any CPU.ActiveCfg = Release|Any CPU
		{1250E0B3-C1A2-46BA-8CE3-1CEDBCE68D3B}.Release|Any CPU.Build.0 = Release|Any CPU
		{1250E0B3-C1A2-46BA-8CE3-1CEDBCE68D3B}.Release|ARM.ActiveCfg = Release|Any CPU
		{1250E0B3-C1A2-46BA-8CE3-1CEDBCE68D3B}.Release|x64.ActiveCfg = Release|Any CPU
		{1250E0B3-C1A2-46BA-8CE3-1CEDBCE68D3B}.Release|x86.ActiveCfg = Release|Any CPU
		{60C4C16D-8ABA-43AB-9041-38437B3A41B8}.Debug|Any CPU.ActiveCfg = Debug|Any CPU
		{60C4C16D-8ABA-43AB-9041-38437B3A41B8}.Debug|Any CPU.Build.0 = Debug|Any CPU
		{60C4C16D-8ABA-43AB-9041-38437B3A41B8}.Debug|ARM.ActiveCfg = Debug|ARM
		{60C4C16D-8ABA-43AB-9041-38437B3A41B8}.Debug|ARM.Build.0 = Debug|ARM
		{60C4C16D-8ABA-43AB-9041-38437B3A41B8}.Debug|x64.ActiveCfg = Debug|Any CPU
		{60C4C16D-8ABA-43AB-9041-38437B3A41B8}.Debug|x86.ActiveCfg = Debug|x86
		{60C4C16D-8ABA-43AB-9041-38437B3A41B8}.Debug|x86.Build.0 = Debug|x86
		{60C4C16D-8ABA-43AB-9041-38437B3A41B8}.Release|Any CPU.ActiveCfg = Release|Any CPU
		{60C4C16D-8ABA-43AB-9041-38437B3A41B8}.Release|Any CPU.Build.0 = Release|Any CPU
		{60C4C16D-8ABA-43AB-9041-38437B3A41B8}.Release|ARM.ActiveCfg = Release|ARM
		{60C4C16D-8ABA-43AB-9041-38437B3A41B8}.Release|ARM.Build.0 = Release|ARM
		{60C4C16D-8ABA-43AB-9041-38437B3A41B8}.Release|x64.ActiveCfg = Release|Any CPU
		{60C4C16D-8ABA-43AB-9041-38437B3A41B8}.Release|x86.ActiveCfg = Release|x86
		{60C4C16D-8ABA-43AB-9041-38437B3A41B8}.Release|x86.Build.0 = Release|x86
		{D4AB1B9C-E154-4A84-ADAC-8D02CAE4F21D}.Debug|Any CPU.ActiveCfg = Debug|Any CPU
		{D4AB1B9C-E154-4A84-ADAC-8D02CAE4F21D}.Debug|Any CPU.Build.0 = Debug|Any CPU
		{D4AB1B9C-E154-4A84-ADAC-8D02CAE4F21D}.Debug|Any CPU.Deploy.0 = Debug|Any CPU
		{D4AB1B9C-E154-4A84-ADAC-8D02CAE4F21D}.Debug|ARM.ActiveCfg = Debug|ARM
		{D4AB1B9C-E154-4A84-ADAC-8D02CAE4F21D}.Debug|ARM.Build.0 = Debug|ARM
		{D4AB1B9C-E154-4A84-ADAC-8D02CAE4F21D}.Debug|ARM.Deploy.0 = Debug|ARM
		{D4AB1B9C-E154-4A84-ADAC-8D02CAE4F21D}.Debug|x64.ActiveCfg = Debug|Any CPU
		{D4AB1B9C-E154-4A84-ADAC-8D02CAE4F21D}.Debug|x86.ActiveCfg = Debug|x86
		{D4AB1B9C-E154-4A84-ADAC-8D02CAE4F21D}.Debug|x86.Build.0 = Debug|x86
		{D4AB1B9C-E154-4A84-ADAC-8D02CAE4F21D}.Debug|x86.Deploy.0 = Debug|x86
		{D4AB1B9C-E154-4A84-ADAC-8D02CAE4F21D}.Release|Any CPU.ActiveCfg = Release|Any CPU
		{D4AB1B9C-E154-4A84-ADAC-8D02CAE4F21D}.Release|Any CPU.Build.0 = Release|Any CPU
		{D4AB1B9C-E154-4A84-ADAC-8D02CAE4F21D}.Release|Any CPU.Deploy.0 = Release|Any CPU
		{D4AB1B9C-E154-4A84-ADAC-8D02CAE4F21D}.Release|ARM.ActiveCfg = Release|ARM
		{D4AB1B9C-E154-4A84-ADAC-8D02CAE4F21D}.Release|ARM.Build.0 = Release|ARM
		{D4AB1B9C-E154-4A84-ADAC-8D02CAE4F21D}.Release|ARM.Deploy.0 = Release|ARM
		{D4AB1B9C-E154-4A84-ADAC-8D02CAE4F21D}.Release|x64.ActiveCfg = Release|Any CPU
		{D4AB1B9C-E154-4A84-ADAC-8D02CAE4F21D}.Release|x86.ActiveCfg = Release|x86
		{D4AB1B9C-E154-4A84-ADAC-8D02CAE4F21D}.Release|x86.Build.0 = Release|x86
		{D4AB1B9C-E154-4A84-ADAC-8D02CAE4F21D}.Release|x86.Deploy.0 = Release|x86
		{C963AB95-53BB-4F65-B4E3-0EA084AB641A}.Debug|Any CPU.ActiveCfg = Debug|Any CPU
		{C963AB95-53BB-4F65-B4E3-0EA084AB641A}.Debug|Any CPU.Build.0 = Debug|Any CPU
		{C963AB95-53BB-4F65-B4E3-0EA084AB641A}.Debug|ARM.ActiveCfg = Debug|Any CPU
		{C963AB95-53BB-4F65-B4E3-0EA084AB641A}.Debug|x64.ActiveCfg = Debug|Any CPU
		{C963AB95-53BB-4F65-B4E3-0EA084AB641A}.Debug|x86.ActiveCfg = Debug|Any CPU
		{C963AB95-53BB-4F65-B4E3-0EA084AB641A}.Release|Any CPU.ActiveCfg = Release|Any CPU
		{C963AB95-53BB-4F65-B4E3-0EA084AB641A}.Release|Any CPU.Build.0 = Release|Any CPU
		{C963AB95-53BB-4F65-B4E3-0EA084AB641A}.Release|ARM.ActiveCfg = Release|Any CPU
		{C963AB95-53BB-4F65-B4E3-0EA084AB641A}.Release|x64.ActiveCfg = Release|Any CPU
		{C963AB95-53BB-4F65-B4E3-0EA084AB641A}.Release|x86.ActiveCfg = Release|Any CPU
		{91B12212-172C-45D9-B5D3-AEFF3987A2B1}.Debug|Any CPU.ActiveCfg = Debug|Any CPU
		{91B12212-172C-45D9-B5D3-AEFF3987A2B1}.Debug|Any CPU.Build.0 = Debug|Any CPU
		{91B12212-172C-45D9-B5D3-AEFF3987A2B1}.Debug|ARM.ActiveCfg = Debug|ARM
		{91B12212-172C-45D9-B5D3-AEFF3987A2B1}.Debug|ARM.Build.0 = Debug|ARM
		{91B12212-172C-45D9-B5D3-AEFF3987A2B1}.Debug|x64.ActiveCfg = Debug|x64
		{91B12212-172C-45D9-B5D3-AEFF3987A2B1}.Debug|x64.Build.0 = Debug|x64
		{91B12212-172C-45D9-B5D3-AEFF3987A2B1}.Debug|x86.ActiveCfg = Debug|x86
		{91B12212-172C-45D9-B5D3-AEFF3987A2B1}.Debug|x86.Build.0 = Debug|x86
		{91B12212-172C-45D9-B5D3-AEFF3987A2B1}.Release|Any CPU.ActiveCfg = Release|Any CPU
		{91B12212-172C-45D9-B5D3-AEFF3987A2B1}.Release|Any CPU.Build.0 = Release|Any CPU
		{91B12212-172C-45D9-B5D3-AEFF3987A2B1}.Release|ARM.ActiveCfg = Release|ARM
		{91B12212-172C-45D9-B5D3-AEFF3987A2B1}.Release|ARM.Build.0 = Release|ARM
		{91B12212-172C-45D9-B5D3-AEFF3987A2B1}.Release|x64.ActiveCfg = Release|x64
		{91B12212-172C-45D9-B5D3-AEFF3987A2B1}.Release|x64.Build.0 = Release|x64
		{91B12212-172C-45D9-B5D3-AEFF3987A2B1}.Release|x86.ActiveCfg = Release|x86
		{91B12212-172C-45D9-B5D3-AEFF3987A2B1}.Release|x86.Build.0 = Release|x86
		{BF38BAAB-30B0-44F0-AA18-21D2930B3632}.Debug|Any CPU.ActiveCfg = Debug|Any CPU
		{BF38BAAB-30B0-44F0-AA18-21D2930B3632}.Debug|Any CPU.Build.0 = Debug|Any CPU
		{BF38BAAB-30B0-44F0-AA18-21D2930B3632}.Debug|Any CPU.Deploy.0 = Debug|Any CPU
		{BF38BAAB-30B0-44F0-AA18-21D2930B3632}.Debug|ARM.ActiveCfg = Debug|ARM
		{BF38BAAB-30B0-44F0-AA18-21D2930B3632}.Debug|ARM.Build.0 = Debug|ARM
		{BF38BAAB-30B0-44F0-AA18-21D2930B3632}.Debug|ARM.Deploy.0 = Debug|ARM
		{BF38BAAB-30B0-44F0-AA18-21D2930B3632}.Debug|x64.ActiveCfg = Debug|x64
		{BF38BAAB-30B0-44F0-AA18-21D2930B3632}.Debug|x64.Build.0 = Debug|x64
		{BF38BAAB-30B0-44F0-AA18-21D2930B3632}.Debug|x64.Deploy.0 = Debug|x64
		{BF38BAAB-30B0-44F0-AA18-21D2930B3632}.Debug|x86.ActiveCfg = Debug|x86
		{BF38BAAB-30B0-44F0-AA18-21D2930B3632}.Debug|x86.Build.0 = Debug|x86
		{BF38BAAB-30B0-44F0-AA18-21D2930B3632}.Debug|x86.Deploy.0 = Debug|x86
		{BF38BAAB-30B0-44F0-AA18-21D2930B3632}.Release|Any CPU.ActiveCfg = Release|Any CPU
		{BF38BAAB-30B0-44F0-AA18-21D2930B3632}.Release|Any CPU.Build.0 = Release|Any CPU
		{BF38BAAB-30B0-44F0-AA18-21D2930B3632}.Release|Any CPU.Deploy.0 = Release|Any CPU
		{BF38BAAB-30B0-44F0-AA18-21D2930B3632}.Release|ARM.ActiveCfg = Release|ARM
		{BF38BAAB-30B0-44F0-AA18-21D2930B3632}.Release|ARM.Build.0 = Release|ARM
		{BF38BAAB-30B0-44F0-AA18-21D2930B3632}.Release|ARM.Deploy.0 = Release|ARM
		{BF38BAAB-30B0-44F0-AA18-21D2930B3632}.Release|x64.ActiveCfg = Release|x64
		{BF38BAAB-30B0-44F0-AA18-21D2930B3632}.Release|x64.Build.0 = Release|x64
		{BF38BAAB-30B0-44F0-AA18-21D2930B3632}.Release|x64.Deploy.0 = Release|x64
		{BF38BAAB-30B0-44F0-AA18-21D2930B3632}.Release|x86.ActiveCfg = Release|x86
		{BF38BAAB-30B0-44F0-AA18-21D2930B3632}.Release|x86.Build.0 = Release|x86
		{BF38BAAB-30B0-44F0-AA18-21D2930B3632}.Release|x86.Deploy.0 = Release|x86
	EndGlobalSection
	GlobalSection(SolutionProperties) = preSolution
		HideSolutionNode = FALSE
	EndGlobalSection
	GlobalSection(NestedProjects) = preSolution
		{1250E0B3-C1A2-46BA-8CE3-1CEDBCE68D3B} = {34691887-5855-4999-8661-4F3A590B10A2}
		{60C4C16D-8ABA-43AB-9041-38437B3A41B8} = {34691887-5855-4999-8661-4F3A590B10A2}
		{C963AB95-53BB-4F65-B4E3-0EA084AB641A} = {34691887-5855-4999-8661-4F3A590B10A2}
		{91B12212-172C-45D9-B5D3-AEFF3987A2B1} = {34691887-5855-4999-8661-4F3A590B10A2}
		{15EB580E-49CD-4788-9527-C63DEF245EF6} = {EEAA0ADA-0C3E-488C-8377-A09F224737BC}
		{D4AB1B9C-E154-4A84-ADAC-8D02CAE4F21D} = {EEAA0ADA-0C3E-488C-8377-A09F224737BC}
		{BF38BAAB-30B0-44F0-AA18-21D2930B3632} = {EEAA0ADA-0C3E-488C-8377-A09F224737BC}
	EndGlobalSection
EndGlobal
